
Microsoft Visual Studio Solution File, Format Version 12.00
# Visual Studio Version 16
VisualStudioVersion = 16.0.29409.12
MinimumVisualStudioVersion = 10.0.40219.1
Project("{FAE04EC0-301F-11D3-BF4B-00C04F79EFBC}") = "Team Manager", "Team Manager\Team Manager.csproj", "{A74B01F0-C674-44B0-9AF6-2E9F22C614E3}"
EndProject
Global
	GlobalSection(SolutionConfigurationPlatforms) = preSolution
		Debug|Any CPU = Debug|Any CPU
		Release|Any CPU = Release|Any CPU
	EndGlobalSection
	GlobalSection(ProjectConfigurationPlatforms) = postSolution
		{A74B01F0-C674-44B0-9AF6-2E9F22C614E3}.Debug|Any CPU.ActiveCfg = Debug|Any CPU
		{A74B01F0-C674-44B0-9AF6-2E9F22C614E3}.Debug|Any CPU.Build.0 = Debug|Any CPU
		{A74B01F0-C674-44B0-9AF6-2E9F22C614E3}.Release|Any CPU.ActiveCfg = Release|Any CPU
		{A74B01F0-C674-44B0-9AF6-2E9F22C614E3}.Release|Any CPU.Build.0 = Release|Any CPU
	EndGlobalSection
	GlobalSection(SolutionProperties) = preSolution
		HideSolutionNode = FALSE
	EndGlobalSection
	GlobalSection(ExtensibilityGlobals) = postSolution
		SolutionGuid = {9CDE61C0-209C-4C35-82C4-2F9A00E5FF38}
	EndGlobalSection
EndGlobal
